
Microsoft Visual Studio Solution File, Format Version 12.00
# Visual Studio Version 16
VisualStudioVersion = 16.0.30611.23
MinimumVisualStudioVersion = 10.0.40219.1
Project("{FAE04EC0-301F-11D3-BF4B-00C04F79EFBC}") = "TeslaBlockingItems", "TeslaBlockingItems\TeslaBlockingItems.csproj", "{C2AD1435-1F02-4F9B-9D31-3EBF0EFBBC3D}"
EndProject
Global
	GlobalSection(SolutionConfigurationPlatforms) = preSolution
		Debug|Any CPU = Debug|Any CPU
		Release|Any CPU = Release|Any CPU
	EndGlobalSection
	GlobalSection(ProjectConfigurationPlatforms) = postSolution
		{C2AD1435-1F02-4F9B-9D31-3EBF0EFBBC3D}.Debug|Any CPU.ActiveCfg = Debug|Any CPU
		{C2AD1435-1F02-4F9B-9D31-3EBF0EFBBC3D}.Debug|Any CPU.Build.0 = Debug|Any CPU
		{C2AD1435-1F02-4F9B-9D31-3EBF0EFBBC3D}.Release|Any CPU.ActiveCfg = Release|Any CPU
		{C2AD1435-1F02-4F9B-9D31-3EBF0EFBBC3D}.Release|Any CPU.Build.0 = Release|Any CPU
	EndGlobalSection
	GlobalSection(SolutionProperties) = preSolution
		HideSolutionNode = FALSE
	EndGlobalSection
	GlobalSection(ExtensibilityGlobals) = postSolution
		SolutionGuid = {05659123-5C07-41BE-BB03-F8141DA69CEE}
	EndGlobalSection
EndGlobal
